
Microsoft Visual Studio Solution File, Format Version 12.00
# Visual Studio Version 16
VisualStudioVersion = 16.0.29409.12
MinimumVisualStudioVersion = 10.0.40219.1
Project("{FAE04EC0-301F-11D3-BF4B-00C04F79EFBC}") = "FunctionalCSharpLight", "FunctionalCSharpLight\FunctionalCSharpLight.csproj", "{2381BA8E-A194-4392-A4BE-6675E79AD2C1}"
EndProject
Global
	GlobalSection(SolutionConfigurationPlatforms) = preSolution
		Debug|Any CPU = Debug|Any CPU
		Release|Any CPU = Release|Any CPU
	EndGlobalSection
	GlobalSection(ProjectConfigurationPlatforms) = postSolution
		{2381BA8E-A194-4392-A4BE-6675E79AD2C1}.Debug|Any CPU.ActiveCfg = Debug|Any CPU
		{2381BA8E-A194-4392-A4BE-6675E79AD2C1}.Debug|Any CPU.Build.0 = Debug|Any CPU
		{2381BA8E-A194-4392-A4BE-6675E79AD2C1}.Release|Any CPU.ActiveCfg = Release|Any CPU
		{2381BA8E-A194-4392-A4BE-6675E79AD2C1}.Release|Any CPU.Build.0 = Release|Any CPU
	EndGlobalSection
	GlobalSection(SolutionProperties) = preSolution
		HideSolutionNode = FALSE
	EndGlobalSection
	GlobalSection(ExtensibilityGlobals) = postSolution
		SolutionGuid = {49BA01D6-1D34-4C4C-97AC-958C3BE40E05}
	EndGlobalSection
EndGlobal
